// !$*UTF8*$!
{
	archiveVersion = 1;
	classes = {
	};
	objectVersion = 46;
	objects = {

/* Begin PBXAggregateTarget section */
		932A8A431E7D7ED7004DF071 /* Mogenerator */ = {
			isa = PBXAggregateTarget;
			buildConfigurationList = 932A8A441E7D7ED7004DF071 /* Build configuration list for PBXAggregateTarget "Mogenerator" */;
			buildPhases = (
				932A8A491E7D7F1C004DF071 /* ShellScript */,
			);
			dependencies = (
			);
			name = Mogenerator;
			productName = Mogenerator;
		};
/* End PBXAggregateTarget section */

/* Begin PBXBuildFile section */
		43A71AEDB98263235F0DD0DD /* libPods-Quiz5.a in Frameworks */ = {isa = PBXBuildFile; fileRef = 57696180D5A925A8A7C7A858 /* libPods-Quiz5.a */; };
		932240651E7D8FFE001686F8 /* AddItemViewController.m in Sources */ = {isa = PBXBuildFile; fileRef = 932240641E7D8FFE001686F8 /* AddItemViewController.m */; };
		932A8A211E7D7996004DF071 /* main.m in Sources */ = {isa = PBXBuildFile; fileRef = 932A8A201E7D7996004DF071 /* main.m */; };
		932A8A241E7D7996004DF071 /* AppDelegate.m in Sources */ = {isa = PBXBuildFile; fileRef = 932A8A231E7D7996004DF071 /* AppDelegate.m */; };
		932A8A2A1E7D7996004DF071 /* Main.storyboard in Resources */ = {isa = PBXBuildFile; fileRef = 932A8A281E7D7996004DF071 /* Main.storyboard */; };
		932A8A2C1E7D7996004DF071 /* Assets.xcassets in Resources */ = {isa = PBXBuildFile; fileRef = 932A8A2B1E7D7996004DF071 /* Assets.xcassets */; };
		932A8A2F1E7D7996004DF071 /* LaunchScreen.storyboard in Resources */ = {isa = PBXBuildFile; fileRef = 932A8A2D1E7D7996004DF071 /* LaunchScreen.storyboard */; };
		932A8A381E7D79EF004DF071 /* ItemsViewController.m in Sources */ = {isa = PBXBuildFile; fileRef = 932A8A371E7D79EF004DF071 /* ItemsViewController.m */; };
		932A8A421E7D7E0E004DF071 /* Model.xcdatamodeld in Sources */ = {isa = PBXBuildFile; fileRef = 932A8A401E7D7E0E004DF071 /* Model.xcdatamodeld */; };
		932A8A531E7D7FDB004DF071 /* CoreDataManager.m in Sources */ = {isa = PBXBuildFile; fileRef = 932A8A521E7D7FDB004DF071 /* CoreDataManager.m */; };
		932A8A561E7D8373004DF071 /* _Item.m in Sources */ = {isa = PBXBuildFile; fileRef = 932A8A551E7D8373004DF071 /* _Item.m */; };
		932A8A591E7D837A004DF071 /* Item.m in Sources */ = {isa = PBXBuildFile; fileRef = 932A8A581E7D837A004DF071 /* Item.m */; };
		932A8A5D1E7D83BF004DF071 /* ItemCustomTableViewCell.m in Sources */ = {isa = PBXBuildFile; fileRef = 932A8A5B1E7D83BF004DF071 /* ItemCustomTableViewCell.m */; };
		932A8A5E1E7D83BF004DF071 /* ItemCustomTableViewCell.xib in Resources */ = {isa = PBXBuildFile; fileRef = 932A8A5C1E7D83BF004DF071 /* ItemCustomTableViewCell.xib */; };
/* End PBXBuildFile section */

/* Begin PBXFileReference section */
		1DF68B0BD263320890F8FF0C /* Pods-Quiz5.debug.xcconfig */ = {isa = PBXFileReference; includeInIndex = 1; lastKnownFileType = text.xcconfig; name = "Pods-Quiz5.debug.xcconfig"; path = "Pods/Target Support Files/Pods-Quiz5/Pods-Quiz5.debug.xcconfig"; sourceTree = "<group>"; };
		57696180D5A925A8A7C7A858 /* libPods-Quiz5.a */ = {isa = PBXFileReference; explicitFileType = archive.ar; includeInIndex = 0; path = "libPods-Quiz5.a"; sourceTree = BUILT_PRODUCTS_DIR; };
		70284F6B60BA0966947CDB09 /* Pods-Quiz5.release.xcconfig */ = {isa = PBXFileReference; includeInIndex = 1; lastKnownFileType = text.xcconfig; name = "Pods-Quiz5.release.xcconfig"; path = "Pods/Target Support Files/Pods-Quiz5/Pods-Quiz5.release.xcconfig"; sourceTree = "<group>"; };
		932240631E7D8FFE001686F8 /* AddItemViewController.h */ = {isa = PBXFileReference; fileEncoding = 4; lastKnownFileType = sourcecode.c.h; path = AddItemViewController.h; sourceTree = "<group>"; };
		932240641E7D8FFE001686F8 /* AddItemViewController.m */ = {isa = PBXFileReference; fileEncoding = 4; lastKnownFileType = sourcecode.c.objc; path = AddItemViewController.m; sourceTree = "<group>"; };
		932A8A1C1E7D7996004DF071 /* Quiz5.app */ = {isa = PBXFileReference; explicitFileType = wrapper.application; includeInIndex = 0; path = Quiz5.app; sourceTree = BUILT_PRODUCTS_DIR; };
		932A8A201E7D7996004DF071 /* main.m */ = {isa = PBXFileReference; lastKnownFileType = sourcecode.c.objc; path = main.m; sourceTree = "<group>"; };
		932A8A221E7D7996004DF071 /* AppDelegate.h */ = {isa = PBXFileReference; lastKnownFileType = sourcecode.c.h; path = AppDelegate.h; sourceTree = "<group>"; };
		932A8A231E7D7996004DF071 /* AppDelegate.m */ = {isa = PBXFileReference; lastKnownFileType = sourcecode.c.objc; path = AppDelegate.m; sourceTree = "<group>"; };
		932A8A291E7D7996004DF071 /* Base */ = {isa = PBXFileReference; lastKnownFileType = file.storyboard; name = Base; path = Base.lproj/Main.storyboard; sourceTree = "<group>"; };
		932A8A2B1E7D7996004DF071 /* Assets.xcassets */ = {isa = PBXFileReference; lastKnownFileType = folder.assetcatalog; path = Assets.xcassets; sourceTree = "<group>"; };
		932A8A2E1E7D7996004DF071 /* Base */ = {isa = PBXFileReference; lastKnownFileType = file.storyboard; name = Base; path = Base.lproj/LaunchScreen.storyboard; sourceTree = "<group>"; };
		932A8A301E7D7996004DF071 /* Info.plist */ = {isa = PBXFileReference; lastKnownFileType = text.plist.xml; path = Info.plist; sourceTree = "<group>"; };
		932A8A361E7D79EF004DF071 /* ItemsViewController.h */ = {isa = PBXFileReference; fileEncoding = 4; lastKnownFileType = sourcecode.c.h; path = ItemsViewController.h; sourceTree = "<group>"; };
		932A8A371E7D79EF004DF071 /* ItemsViewController.m */ = {isa = PBXFileReference; fileEncoding = 4; lastKnownFileType = sourcecode.c.objc; path = ItemsViewController.m; sourceTree = "<group>"; };
		932A8A411E7D7E0E004DF071 /* Model.xcdatamodel */ = {isa = PBXFileReference; lastKnownFileType = wrapper.xcdatamodel; path = Model.xcdatamodel; sourceTree = "<group>"; };
		932A8A511E7D7FDB004DF071 /* CoreDataManager.h */ = {isa = PBXFileReference; fileEncoding = 4; lastKnownFileType = sourcecode.c.h; path = CoreDataManager.h; sourceTree = "<group>"; };
		932A8A521E7D7FDB004DF071 /* CoreDataManager.m */ = {isa = PBXFileReference; fileEncoding = 4; lastKnownFileType = sourcecode.c.objc; path = CoreDataManager.m; sourceTree = "<group>"; };
		932A8A541E7D8373004DF071 /* _Item.h */ = {isa = PBXFileReference; fileEncoding = 4; lastKnownFileType = sourcecode.c.h; name = _Item.h; path = "Quiz5/Mogenerator-CoreData/_Item.h"; sourceTree = "<group>"; };
		932A8A551E7D8373004DF071 /* _Item.m */ = {isa = PBXFileReference; fileEncoding = 4; lastKnownFileType = sourcecode.c.objc; name = _Item.m; path = "Quiz5/Mogenerator-CoreData/_Item.m"; sourceTree = "<group>"; };
		932A8A571E7D837A004DF071 /* Item.h */ = {isa = PBXFileReference; fileEncoding = 4; lastKnownFileType = sourcecode.c.h; name = Item.h; path = "Quiz5/Mogenerator-CoreData/Item.h"; sourceTree = "<group>"; };
		932A8A581E7D837A004DF071 /* Item.m */ = {isa = PBXFileReference; fileEncoding = 4; lastKnownFileType = sourcecode.c.objc; name = Item.m; path = "Quiz5/Mogenerator-CoreData/Item.m"; sourceTree = "<group>"; };
		932A8A5A1E7D83BF004DF071 /* ItemCustomTableViewCell.h */ = {isa = PBXFileReference; fileEncoding = 4; lastKnownFileType = sourcecode.c.h; path = ItemCustomTableViewCell.h; sourceTree = "<group>"; };
		932A8A5B1E7D83BF004DF071 /* ItemCustomTableViewCell.m */ = {isa = PBXFileReference; fileEncoding = 4; lastKnownFileType = sourcecode.c.objc; path = ItemCustomTableViewCell.m; sourceTree = "<group>"; };
		932A8A5C1E7D83BF004DF071 /* ItemCustomTableViewCell.xib */ = {isa = PBXFileReference; fileEncoding = 4; lastKnownFileType = file.xib; path = ItemCustomTableViewCell.xib; sourceTree = "<group>"; };
/* End PBXFileReference section */

/* Begin PBXFrameworksBuildPhase section */
		932A8A191E7D7996004DF071 /* Frameworks */ = {
			isa = PBXFrameworksBuildPhase;
			buildActionMask = 2147483647;
			files = (
				43A71AEDB98263235F0DD0DD /* libPods-Quiz5.a in Frameworks */,
			);
			runOnlyForDeploymentPostprocessing = 0;
		};
/* End PBXFrameworksBuildPhase section */

/* Begin PBXGroup section */
		74287D11D2B6EA41D6AEDC4B /* Pods */ = {
			isa = PBXGroup;
			children = (
				1DF68B0BD263320890F8FF0C /* Pods-Quiz5.debug.xcconfig */,
				70284F6B60BA0966947CDB09 /* Pods-Quiz5.release.xcconfig */,
			);
			name = Pods;
			sourceTree = "<group>";
		};
		932A8A131E7D7996004DF071 = {
			isa = PBXGroup;
			children = (
				932A8A391E7D7D86004DF071 /* CoreData */,
				932A8A1E1E7D7996004DF071 /* Quiz5 */,
				932A8A1D1E7D7996004DF071 /* Products */,
				74287D11D2B6EA41D6AEDC4B /* Pods */,
				A3C8C6FA61BCCECEC4E55C1B /* Frameworks */,
			);
			sourceTree = "<group>";
		};
		932A8A1D1E7D7996004DF071 /* Products */ = {
			isa = PBXGroup;
			children = (
				932A8A1C1E7D7996004DF071 /* Quiz5.app */,
			);
			name = Products;
			sourceTree = "<group>";
		};
		932A8A1E1E7D7996004DF071 /* Quiz5 */ = {
			isa = PBXGroup;
			children = (
				932A8A501E7D7F97004DF071 /* Managers */,
				932A8A221E7D7996004DF071 /* AppDelegate.h */,
				932A8A231E7D7996004DF071 /* AppDelegate.m */,
				932A8A361E7D79EF004DF071 /* ItemsViewController.h */,
				932A8A371E7D79EF004DF071 /* ItemsViewController.m */,
				932240631E7D8FFE001686F8 /* AddItemViewController.h */,
				932240641E7D8FFE001686F8 /* AddItemViewController.m */,
				932A8A5A1E7D83BF004DF071 /* ItemCustomTableViewCell.h */,
				932A8A5B1E7D83BF004DF071 /* ItemCustomTableViewCell.m */,
				932A8A5C1E7D83BF004DF071 /* ItemCustomTableViewCell.xib */,
				932A8A281E7D7996004DF071 /* Main.storyboard */,
				932A8A2B1E7D7996004DF071 /* Assets.xcassets */,
				932A8A2D1E7D7996004DF071 /* LaunchScreen.storyboard */,
				932A8A301E7D7996004DF071 /* Info.plist */,
				932A8A1F1E7D7996004DF071 /* Supporting Files */,
			);
			path = Quiz5;
			sourceTree = "<group>";
		};
		932A8A1F1E7D7996004DF071 /* Supporting Files */ = {
			isa = PBXGroup;
			children = (
				932A8A201E7D7996004DF071 /* main.m */,
			);
			name = "Supporting Files";
			sourceTree = "<group>";
		};
		932A8A391E7D7D86004DF071 /* CoreData */ = {
			isa = PBXGroup;
			children = (
				932A8A481E7D7EFE004DF071 /* MachineFiles */,
				932A8A471E7D7EF3004DF071 /* HumanFiles */,
				932A8A401E7D7E0E004DF071 /* Model.xcdatamodeld */,
			);
			name = CoreData;
			sourceTree = "<group>";
		};
		932A8A471E7D7EF3004DF071 /* HumanFiles */ = {
			isa = PBXGroup;
			children = (
				932A8A571E7D837A004DF071 /* Item.h */,
				932A8A581E7D837A004DF071 /* Item.m */,
			);
			name = HumanFiles;
			sourceTree = "<group>";
		};
		932A8A481E7D7EFE004DF071 /* MachineFiles */ = {
			isa = PBXGroup;
			children = (
				932A8A541E7D8373004DF071 /* _Item.h */,
				932A8A551E7D8373004DF071 /* _Item.m */,
			);
			name = MachineFiles;
			sourceTree = "<group>";
		};
		932A8A501E7D7F97004DF071 /* Managers */ = {
			isa = PBXGroup;
			children = (
				932A8A511E7D7FDB004DF071 /* CoreDataManager.h */,
				932A8A521E7D7FDB004DF071 /* CoreDataManager.m */,
			);
			name = Managers;
			sourceTree = "<group>";
		};
		A3C8C6FA61BCCECEC4E55C1B /* Frameworks */ = {
			isa = PBXGroup;
			children = (
				57696180D5A925A8A7C7A858 /* libPods-Quiz5.a */,
			);
			name = Frameworks;
			sourceTree = "<group>";
		};
/* End PBXGroup section */

/* Begin PBXNativeTarget section */
		932A8A1B1E7D7996004DF071 /* Quiz5 */ = {
			isa = PBXNativeTarget;
			buildConfigurationList = 932A8A331E7D7996004DF071 /* Build configuration list for PBXNativeTarget "Quiz5" */;
			buildPhases = (
				C4B8CD0F7A7251587BBE1B3E /* [CP] Check Pods Manifest.lock */,
				932A8A181E7D7996004DF071 /* Sources */,
				932A8A191E7D7996004DF071 /* Frameworks */,
				932A8A1A1E7D7996004DF071 /* Resources */,
				FAAA911888B3F0C4E98FD5C6 /* [CP] Embed Pods Frameworks */,
				CFD7BB4EE078EFF49EDF48F9 /* [CP] Copy Pods Resources */,
			);
			buildRules = (
			);
			dependencies = (
			);
			name = Quiz5;
			productName = Quiz5;
			productReference = 932A8A1C1E7D7996004DF071 /* Quiz5.app */;
			productType = "com.apple.product-type.application";
		};
/* End PBXNativeTarget section */

/* Begin PBXProject section */
		932A8A141E7D7996004DF071 /* Project object */ = {
			isa = PBXProject;
			attributes = {
				LastUpgradeCheck = 0820;
				ORGANIZATIONNAME = Cenfotec;
				TargetAttributes = {
					932A8A1B1E7D7996004DF071 = {
						CreatedOnToolsVersion = 8.2.1;
						ProvisioningStyle = Automatic;
					};
					932A8A431E7D7ED7004DF071 = {
						CreatedOnToolsVersion = 8.2.1;
						ProvisioningStyle = Automatic;
					};
				};
			};
			buildConfigurationList = 932A8A171E7D7996004DF071 /* Build configuration list for PBXProject "Quiz5" */;
			compatibilityVersion = "Xcode 3.2";
			developmentRegion = English;
			hasScannedForEncodings = 0;
			knownRegions = (
				en,
				Base,
			);
			mainGroup = 932A8A131E7D7996004DF071;
			productRefGroup = 932A8A1D1E7D7996004DF071 /* Products */;
			projectDirPath = "";
			projectRoot = "";
			targets = (
				932A8A1B1E7D7996004DF071 /* Quiz5 */,
				932A8A431E7D7ED7004DF071 /* Mogenerator */,
			);
		};
/* End PBXProject section */

/* Begin PBXResourcesBuildPhase section */
		932A8A1A1E7D7996004DF071 /* Resources */ = {
			isa = PBXResourcesBuildPhase;
			buildActionMask = 2147483647;
			files = (
				932A8A2F1E7D7996004DF071 /* LaunchScreen.storyboard in Resources */,
				932A8A5E1E7D83BF004DF071 /* ItemCustomTableViewCell.xib in Resources */,
				932A8A2C1E7D7996004DF071 /* Assets.xcassets in Resources */,
				932A8A2A1E7D7996004DF071 /* Main.storyboard in Resources */,
			);
			runOnlyForDeploymentPostprocessing = 0;
		};
/* End PBXResourcesBuildPhase section */

/* Begin PBXShellScriptBuildPhase section */
		932A8A491E7D7F1C004DF071 /* ShellScript */ = {
			isa = PBXShellScriptBuildPhase;
			buildActionMask = 2147483647;
			files = (
			);
			inputPaths = (
			);
			outputPaths = (
			);
			runOnlyForDeploymentPostprocessing = 0;
			shellPath = /bin/sh;
			shellScript = "mogenerator --v2 -m Quiz5/Model.xcdatamodeld -O Quiz5/Mogenerator-CoreData --template-var arc=true";
		};
		C4B8CD0F7A7251587BBE1B3E /* [CP] Check Pods Manifest.lock */ = {
			isa = PBXShellScriptBuildPhase;
			buildActionMask = 2147483647;
			files = (
			);
			inputPaths = (
			);
			name = "[CP] Check Pods Manifest.lock";
			outputPaths = (
			);
			runOnlyForDeploymentPostprocessing = 0;
			shellPath = /bin/sh;
			shellScript = "diff \"${PODS_ROOT}/../Podfile.lock\" \"${PODS_ROOT}/Manifest.lock\" > /dev/null\nif [ $? != 0 ] ; then\n    # print error to STDERR\n    echo \"error: The sandbox is not in sync with the Podfile.lock. Run 'pod install' or update your CocoaPods installation.\" >&2\n    exit 1\nfi\n";
			showEnvVarsInLog = 0;
		};
		CFD7BB4EE078EFF49EDF48F9 /* [CP] Copy Pods Resources */ = {
			isa = PBXShellScriptBuildPhase;
			buildActionMask = 2147483647;
			files = (
			);
			inputPaths = (
			);
			name = "[CP] Copy Pods Resources";
			outputPaths = (
			);
			runOnlyForDeploymentPostprocessing = 0;
			shellPath = /bin/sh;
			shellScript = "\"${SRCROOT}/Pods/Target Support Files/Pods-Quiz5/Pods-Quiz5-resources.sh\"\n";
			showEnvVarsInLog = 0;
		};
		FAAA911888B3F0C4E98FD5C6 /* [CP] Embed Pods Frameworks */ = {
			isa = PBXShellScriptBuildPhase;
			buildActionMask = 2147483647;
			files = (
			);
			inputPaths = (
			);
			name = "[CP] Embed Pods Frameworks";
			outputPaths = (
			);
			runOnlyForDeploymentPostprocessing = 0;
			shellPath = /bin/sh;
			shellScript = "\"${SRCROOT}/Pods/Target Support Files/Pods-Quiz5/Pods-Quiz5-frameworks.sh\"\n";
			showEnvVarsInLog = 0;
		};
/* End PBXShellScriptBuildPhase section */

/* Begin PBXSourcesBuildPhase section */
		932A8A181E7D7996004DF071 /* Sources */ = {
			isa = PBXSourcesBuildPhase;
			buildActionMask = 2147483647;
			files = (
				932A8A561E7D8373004DF071 /* _Item.m in Sources */,
				932A8A5D1E7D83BF004DF071 /* ItemCustomTableViewCell.m in Sources */,
				932A8A531E7D7FDB004DF071 /* CoreDataManager.m in Sources */,
				932A8A381E7D79EF004DF071 /* ItemsViewController.m in Sources */,
				932240651E7D8FFE001686F8 /* AddItemViewController.m in Sources */,
				932A8A241E7D7996004DF071 /* AppDelegate.m in Sources */,
				932A8A211E7D7996004DF071 /* main.m in Sources */,
				932A8A591E7D837A004DF071 /* Item.m in Sources */,
				932A8A421E7D7E0E004DF071 /* Model.xcdatamodeld in Sources */,
			);
			runOnlyForDeploymentPostprocessing = 0;
		};
/* End PBXSourcesBuildPhase section */

/* Begin PBXVariantGroup section */
		932A8A281E7D7996004DF071 /* Main.storyboard */ = {
			isa = PBXVariantGroup;
			children = (
				932A8A291E7D7996004DF071 /* Base */,
			);
			name = Main.storyboard;
			sourceTree = "<group>";
		};
		932A8A2D1E7D7996004DF071 /* LaunchScreen.storyboard */ = {
			isa = PBXVariantGroup;
			children = (
				932A8A2E1E7D7996004DF071 /* Base */,
			);
			name = LaunchScreen.storyboard;
			sourceTree = "<group>";
		};
/* End PBXVariantGroup section */

/* Begin XCBuildConfiguration section */
		932A8A311E7D7996004DF071 /* Debug */ = {
			isa = XCBuildConfiguration;
			buildSettings = {
				ALWAYS_SEARCH_USER_PATHS = NO;
				CLANG_ANALYZER_NONNULL = YES;
				CLANG_CXX_LANGUAGE_STANDARD = "gnu++0x";
				CLANG_CXX_LIBRARY = "libc++";
				CLANG_ENABLE_MODULES = YES;
				CLANG_ENABLE_OBJC_ARC = YES;
				CLANG_WARN_BOOL_CONVERSION = YES;
				CLANG_WARN_CONSTANT_CONVERSION = YES;
				CLANG_WARN_DIRECT_OBJC_ISA_USAGE = YES_ERROR;
				CLANG_WARN_DOCUMENTATION_COMMENTS = YES;
				CLANG_WARN_EMPTY_BODY = YES;
				CLANG_WARN_ENUM_CONVERSION = YES;
				CLANG_WARN_INFINITE_RECURSION = YES;
				CLANG_WARN_INT_CONVERSION = YES;
				CLANG_WARN_OBJC_ROOT_CLASS = YES_ERROR;
				CLANG_WARN_SUSPICIOUS_MOVE = YES;
				CLANG_WARN_UNREACHABLE_CODE = YES;
				CLANG_WARN__DUPLICATE_METHOD_MATCH = YES;
				"CODE_SIGN_IDENTITY[sdk=iphoneos*]" = "iPhone Developer";
				COPY_PHASE_STRIP = NO;
				DEBUG_INFORMATION_FORMAT = dwarf;
				ENABLE_STRICT_OBJC_MSGSEND = YES;
				ENABLE_TESTABILITY = YES;
				GCC_C_LANGUAGE_STANDARD = gnu99;
				GCC_DYNAMIC_NO_PIC = NO;
				GCC_NO_COMMON_BLOCKS = YES;
				GCC_OPTIMIZATION_LEVEL = 0;
				GCC_PREPROCESSOR_DEFINITIONS = (
					"DEBUG=1",
					"$(inherited)",
				);
				GCC_WARN_64_TO_32_BIT_CONVERSION = YES;
				GCC_WARN_ABOUT_RETURN_TYPE = YES_ERROR;
				GCC_WARN_UNDECLARED_SELECTOR = YES;
				GCC_WARN_UNINITIALIZED_AUTOS = YES_AGGRESSIVE;
				GCC_WARN_UNUSED_FUNCTION = YES;
				GCC_WARN_UNUSED_VARIABLE = YES;
				IPHONEOS_DEPLOYMENT_TARGET = 10.2;
				MTL_ENABLE_DEBUG_INFO = YES;
				ONLY_ACTIVE_ARCH = YES;
				SDKROOT = iphoneos;
			};
			name = Debug;
		};
		932A8A321E7D7996004DF071 /* Release */ = {
			isa = XCBuildConfiguration;
			buildSettings = {
				ALWAYS_SEARCH_USER_PATHS = NO;
				CLANG_ANALYZER_NONNULL = YES;
				CLANG_CXX_LANGUAGE_STANDARD = "gnu++0x";
				CLANG_CXX_LIBRARY = "libc++";
				CLANG_ENABLE_MODULES = YES;
				CLANG_ENABLE_OBJC_ARC = YES;
				CLANG_WARN_BOOL_CONVERSION = YES;
				CLANG_WARN_CONSTANT_CONVERSION = YES;
				CLANG_WARN_DIRECT_OBJC_ISA_USAGE = YES_ERROR;
				CLANG_WARN_DOCUMENTATION_COMMENTS = YES;
				CLANG_WARN_EMPTY_BODY = YES;
				CLANG_WARN_ENUM_CONVERSION = YES;
				CLANG_WARN_INFINITE_RECURSION = YES;
				CLANG_WARN_INT_CONVERSION = YES;
				CLANG_WARN_OBJC_ROOT_CLASS = YES_ERROR;
				CLANG_WARN_SUSPICIOUS_MOVE = YES;
				CLANG_WARN_UNREACHABLE_CODE = YES;
				CLANG_WARN__DUPLICATE_METHOD_MATCH = YES;
				"CODE_SIGN_IDENTITY[sdk=iphoneos*]" = "iPhone Developer";
				COPY_PHASE_STRIP = NO;
				DEBUG_INFORMATION_FORMAT = "dwarf-with-dsym";
				ENABLE_NS_ASSERTIONS = NO;
				ENABLE_STRICT_OBJC_MSGSEND = YES;
				GCC_C_LANGUAGE_STANDARD = gnu99;
				GCC_NO_COMMON_BLOCKS = YES;
				GCC_WARN_64_TO_32_BIT_CONVERSION = YES;
				GCC_WARN_ABOUT_RETURN_TYPE = YES_ERROR;
				GCC_WARN_UNDECLARED_SELECTOR = YES;
				GCC_WARN_UNINITIALIZED_AUTOS = YES_AGGRESSIVE;
				GCC_WARN_UNUSED_FUNCTION = YES;
				GCC_WARN_UNUSED_VARIABLE = YES;
				IPHONEOS_DEPLOYMENT_TARGET = 10.2;
				MTL_ENABLE_DEBUG_INFO = NO;
				SDKROOT = iphoneos;
				VALIDATE_PRODUCT = YES;
			};
			name = Release;
		};
		932A8A341E7D7996004DF071 /* Debug */ = {
			isa = XCBuildConfiguration;
			baseConfigurationReference = 1DF68B0BD263320890F8FF0C /* Pods-Quiz5.debug.xcconfig */;
			buildSettings = {
				ASSETCATALOG_COMPILER_APPICON_NAME = AppIcon;
				INFOPLIST_FILE = Quiz5/Info.plist;
				LD_RUNPATH_SEARCH_PATHS = "$(inherited) @executable_path/Frameworks";
				PRODUCT_BUNDLE_IDENTIFIER = com.cenfotec.lab.Quiz5;
				PRODUCT_NAME = "$(TARGET_NAME)";
			};
			name = Debug;
		};
		932A8A351E7D7996004DF071 /* Release */ = {
			isa = XCBuildConfiguration;
			baseConfigurationReference = 70284F6B60BA0966947CDB09 /* Pods-Quiz5.release.xcconfig */;
			buildSettings = {
				ASSETCATALOG_COMPILER_APPICON_NAME = AppIcon;
				INFOPLIST_FILE = Quiz5/Info.plist;
				LD_RUNPATH_SEARCH_PATHS = "$(inherited) @executable_path/Frameworks";
				PRODUCT_BUNDLE_IDENTIFIER = com.cenfotec.lab.Quiz5;
				PRODUCT_NAME = "$(TARGET_NAME)";
			};
			name = Release;
		};
		932A8A451E7D7ED7004DF071 /* Debug */ = {
			isa = XCBuildConfiguration;
			buildSettings = {
				PRODUCT_NAME = "$(TARGET_NAME)";
			};
			name = Debug;
		};
		932A8A461E7D7ED7004DF071 /* Release */ = {
			isa = XCBuildConfiguration;
			buildSettings = {
				PRODUCT_NAME = "$(TARGET_NAME)";
			};
			name = Release;
		};
/* End XCBuildConfiguration section */

/* Begin XCConfigurationList section */
		932A8A171E7D7996004DF071 /* Build configuration list for PBXProject "Quiz5" */ = {
			isa = XCConfigurationList;
			buildConfigurations = (
				932A8A311E7D7996004DF071 /* Debug */,
				932A8A321E7D7996004DF071 /* Release */,
			);
			defaultConfigurationIsVisible = 0;
			defaultConfigurationName = Release;
		};
		932A8A331E7D7996004DF071 /* Build configuration list for PBXNativeTarget "Quiz5" */ = {
			isa = XCConfigurationList;
			buildConfigurations = (
				932A8A341E7D7996004DF071 /* Debug */,
				932A8A351E7D7996004DF071 /* Release */,
			);
			defaultConfigurationIsVisible = 0;
			defaultConfigurationName = Release;
		};
		932A8A441E7D7ED7004DF071 /* Build configuration list for PBXAggregateTarget "Mogenerator" */ = {
			isa = XCConfigurationList;
			buildConfigurations = (
				932A8A451E7D7ED7004DF071 /* Debug */,
				932A8A461E7D7ED7004DF071 /* Release */,
			);
			defaultConfigurationIsVisible = 0;
			defaultConfigurationName = Release;
		};
/* End XCConfigurationList section */

/* Begin XCVersionGroup section */
		932A8A401E7D7E0E004DF071 /* Model.xcdatamodeld */ = {
			isa = XCVersionGroup;
			children = (
				932A8A411E7D7E0E004DF071 /* Model.xcdatamodel */,
			);
			currentVersion = 932A8A411E7D7E0E004DF071 /* Model.xcdatamodel */;
			name = Model.xcdatamodeld;
			path = Quiz5/Model.xcdatamodeld;
			sourceTree = "<group>";
			versionGroupType = wrapper.xcdatamodel;
		};
/* End XCVersionGroup section */
	};
	rootObject = 932A8A141E7D7996004DF071 /* Project object */;
}
